Microsoft Visual Studio Solution File, Format Version 12.00
# Visual Studio 15
VisualStudioVersion = 15.0.27130.2026
MinimumVisualStudioVersion = 15.0.26124.0
Project("{9A19103F-16F7-4668-BE54-9A1E7A4F7556}") = "Morabaraba-9001", "Morabaraba-9001\Morabaraba-9001.csproj", "{6F6578B9-771D-467E-BF32-7D6CBC47A163}"
EndProject
Project("{9A19103F-16F7-4668-BE54-9A1E7A4F7556}") = "Morabaraba-9001.Test", "Morabaraba-9001.Test\Morabaraba-9001.Test.csproj", "{62CA7A14-3EF0-41FF-BAD0-4C723106887A}"
EndProject
Global
	GlobalSection(SolutionConfigurationPlatforms) = preSolution
		Debug|Any CPU = Debug|Any CPU
		Debug|x64 = Debug|x64
		Debug|x86 = Debug|x86
		Release|Any CPU = Release|Any CPU
		Release|x64 = Release|x64
		Release|x86 = Release|x86
	EndGlobalSection
	GlobalSection(ProjectConfigurationPlatforms) = postSolution
		{6F6578B9-771D-467E-BF32-7D6CBC47A163}.Debug|Any CPU.ActiveCfg = Debug|Any CPU
		{6F6578B9-771D-467E-BF32-7D6CBC47A163}.Debug|Any CPU.Build.0 = Debug|Any CPU
		{6F6578B9-771D-467E-BF32-7D6CBC47A163}.Debug|x64.ActiveCfg = Debug|Any CPU
		{6F6578B9-771D-467E-BF32-7D6CBC47A163}.Debug|x64.Build.0 = Debug|Any CPU
		{6F6578B9-771D-467E-BF32-7D6CBC47A163}.Debug|x86.ActiveCfg = Debug|Any CPU
		{6F6578B9-771D-467E-BF32-7D6CBC47A163}.Debug|x86.Build.0 = Debug|Any CPU
		{6F6578B9-771D-467E-BF32-7D6CBC47A163}.Release|Any CPU.ActiveCfg = Release|Any CPU
		{6F6578B9-771D-467E-BF32-7D6CBC47A163}.Release|Any CPU.Build.0 = Release|Any CPU
		{6F6578B9-771D-467E-BF32-7D6CBC47A163}.Release|x64.ActiveCfg = Release|Any CPU
		{6F6578B9-771D-467E-BF32-7D6CBC47A163}.Release|x64.Build.0 = Release|Any CPU
		{6F6578B9-771D-467E-BF32-7D6CBC47A163}.Release|x86.ActiveCfg = Release|Any CPU
		{6F6578B9-771D-467E-BF32-7D6CBC47A163}.Release|x86.Build.0 = Release|Any CPU
		{62CA7A14-3EF0-41FF-BAD0-4C723106887A}.Debug|Any CPU.ActiveCfg = Debug|Any CPU
		{62CA7A14-3EF0-41FF-BAD0-4C723106887A}.Debug|Any CPU.Build.0 = Debug|Any CPU
		{62CA7A14-3EF0-41FF-BAD0-4C723106887A}.Debug|x64.ActiveCfg = Debug|Any CPU
		{62CA7A14-3EF0-41FF-BAD0-4C723106887A}.Debug|x64.Build.0 = Debug|Any CPU
		{62CA7A14-3EF0-41FF-BAD0-4C723106887A}.Debug|x86.ActiveCfg = Debug|Any CPU
		{62CA7A14-3EF0-41FF-BAD0-4C723106887A}.Debug|x86.Build.0 = Debug|Any CPU
		{62CA7A14-3EF0-41FF-BAD0-4C723106887A}.Release|Any CPU.ActiveCfg = Release|Any CPU
		{62CA7A14-3EF0-41FF-BAD0-4C723106887A}.Release|Any CPU.Build.0 = Release|Any CPU
		{62CA7A14-3EF0-41FF-BAD0-4C723106887A}.Release|x64.ActiveCfg = Release|Any CPU
		{62CA7A14-3EF0-41FF-BAD0-4C723106887A}.Release|x64.Build.0 = Release|Any CPU
		{62CA7A14-3EF0-41FF-BAD0-4C723106887A}.Release|x86.ActiveCfg = Release|Any CPU
		{62CA7A14-3EF0-41FF-BAD0-4C723106887A}.Release|x86.Build.0 = Release|Any CPU
	EndGlobalSection
	GlobalSection(SolutionProperties) = preSolution
		HideSolutionNode = FALSE
	EndGlobalSection
	GlobalSection(ExtensibilityGlobals) = postSolution
<<<<<<< HEAD
		SolutionGuid = {11FDE9F9-9BFD-4327-A47D-C70EE381AFD2}
=======
		SolutionGuid = {61616E9C-41D3-4BD2-A4C4-92F89843701A}
>>>>>>> origin
	EndGlobalSection
EndGlobal
